
Microsoft Visual Studio Solution File, Format Version 12.00
# Visual Studio Version 16
VisualStudioVersion = 16.0.31105.61
MinimumVisualStudioVersion = 10.0.40219.1
Project("{8BC9CEB8-8B4A-11D0-8D11-00A0C91BC942}") = "ServerStudy", "ServerStudy\ServerStudy.vcxproj", "{55E17269-52EF-4118-980E-7156C0960B2A}"
EndProject
Project("{8BC9CEB8-8B4A-11D0-8D11-00A0C91BC942}") = "ThreadLocalStorage", "ThreadLocalStorage\ThreadLocalStorage.vcxproj", "{EFDFF51D-27F5-48CA-87EC-35F3C2E32000}"
EndProject
Global
	GlobalSection(SolutionConfigurationPlatforms) = preSolution
		Debug|x64 = Debug|x64
		Debug|x86 = Debug|x86
		Release|x64 = Release|x64
		Release|x86 = Release|x86
	EndGlobalSection
	GlobalSection(ProjectConfigurationPlatforms) = postSolution
		{55E17269-52EF-4118-980E-7156C0960B2A}.Debug|x64.ActiveCfg = Debug|x64
		{55E17269-52EF-4118-980E-7156C0960B2A}.Debug|x64.Build.0 = Debug|x64
		{55E17269-52EF-4118-980E-7156C0960B2A}.Debug|x86.ActiveCfg = Debug|Win32
		{55E17269-52EF-4118-980E-7156C0960B2A}.Debug|x86.Build.0 = Debug|Win32
		{55E17269-52EF-4118-980E-7156C0960B2A}.Release|x64.ActiveCfg = Release|x64
		{55E17269-52EF-4118-980E-7156C0960B2A}.Release|x64.Build.0 = Release|x64
		{55E17269-52EF-4118-980E-7156C0960B2A}.Release|x86.ActiveCfg = Release|Win32
		{55E17269-52EF-4118-980E-7156C0960B2A}.Release|x86.Build.0 = Release|Win32
		{EFDFF51D-27F5-48CA-87EC-35F3C2E32000}.Debug|x64.ActiveCfg = Debug|x64
		{EFDFF51D-27F5-48CA-87EC-35F3C2E32000}.Debug|x64.Build.0 = Debug|x64
		{EFDFF51D-27F5-48CA-87EC-35F3C2E32000}.Debug|x86.ActiveCfg = Debug|Win32
		{EFDFF51D-27F5-48CA-87EC-35F3C2E32000}.Debug|x86.Build.0 = Debug|Win32
		{EFDFF51D-27F5-48CA-87EC-35F3C2E32000}.Release|x64.ActiveCfg = Release|x64
		{EFDFF51D-27F5-48CA-87EC-35F3C2E32000}.Release|x64.Build.0 = Release|x64
		{EFDFF51D-27F5-48CA-87EC-35F3C2E32000}.Release|x86.ActiveCfg = Release|Win32
		{EFDFF51D-27F5-48CA-87EC-35F3C2E32000}.Release|x86.Build.0 = Release|Win32
	EndGlobalSection
	GlobalSection(SolutionProperties) = preSolution
		HideSolutionNode = FALSE
	EndGlobalSection
	GlobalSection(ExtensibilityGlobals) = postSolution
		SolutionGuid = {E736C1F9-EF28-48DE-92B8-DDA99416E5E1}
	EndGlobalSection
EndGlobal
