
Microsoft Visual Studio Solution File, Format Version 12.00
# Visual Studio Version 16
VisualStudioVersion = 16.0.31702.278
MinimumVisualStudioVersion = 10.0.40219.1
Project("{9A19103F-16F7-4668-BE54-9A1E7A4F7556}") = "Server", "Server\Server.csproj", "{B38BAC23-9D80-4367-AC3B-A6B602B9D093}"
EndProject
Project("{9A19103F-16F7-4668-BE54-9A1E7A4F7556}") = "DummyClient", "DummyClient\DummyClient.csproj", "{AA6F8F1C-1C7D-4557-A510-9779E952F6EF}"
EndProject
Project("{9A19103F-16F7-4668-BE54-9A1E7A4F7556}") = "ServerCore", "ServerCore\ServerCore.csproj", "{80C2281D-37F6-4E5B-90C8-44F6D73066C4}"
EndProject
Project("{FAE04EC0-301F-11D3-BF4B-00C04F79EFBC}") = "TestProject", "TestProject\TestProject.csproj", "{FEF427AF-0876-4796-957F-9C9C5759ACCF}"
EndProject
Global
	GlobalSection(SolutionConfigurationPlatforms) = preSolution
		Debug|Any CPU = Debug|Any CPU
		Release|Any CPU = Release|Any CPU
	EndGlobalSection
	GlobalSection(ProjectConfigurationPlatforms) = postSolution
		{B38BAC23-9D80-4367-AC3B-A6B602B9D093}.Debug|Any CPU.ActiveCfg = Debug|Any CPU
		{B38BAC23-9D80-4367-AC3B-A6B602B9D093}.Debug|Any CPU.Build.0 = Debug|Any CPU
		{B38BAC23-9D80-4367-AC3B-A6B602B9D093}.Release|Any CPU.ActiveCfg = Release|Any CPU
		{B38BAC23-9D80-4367-AC3B-A6B602B9D093}.Release|Any CPU.Build.0 = Release|Any CPU
		{AA6F8F1C-1C7D-4557-A510-9779E952F6EF}.Debug|Any CPU.ActiveCfg = Debug|Any CPU
		{AA6F8F1C-1C7D-4557-A510-9779E952F6EF}.Debug|Any CPU.Build.0 = Debug|Any CPU
		{AA6F8F1C-1C7D-4557-A510-9779E952F6EF}.Release|Any CPU.ActiveCfg = Release|Any CPU
		{AA6F8F1C-1C7D-4557-A510-9779E952F6EF}.Release|Any CPU.Build.0 = Release|Any CPU
		{80C2281D-37F6-4E5B-90C8-44F6D73066C4}.Debug|Any CPU.ActiveCfg = Debug|Any CPU
		{80C2281D-37F6-4E5B-90C8-44F6D73066C4}.Debug|Any CPU.Build.0 = Debug|Any CPU
		{80C2281D-37F6-4E5B-90C8-44F6D73066C4}.Release|Any CPU.ActiveCfg = Release|Any CPU
		{80C2281D-37F6-4E5B-90C8-44F6D73066C4}.Release|Any CPU.Build.0 = Release|Any CPU
		{FEF427AF-0876-4796-957F-9C9C5759ACCF}.Debug|Any CPU.ActiveCfg = Debug|Any CPU
		{FEF427AF-0876-4796-957F-9C9C5759ACCF}.Debug|Any CPU.Build.0 = Debug|Any CPU
		{FEF427AF-0876-4796-957F-9C9C5759ACCF}.Release|Any CPU.ActiveCfg = Release|Any CPU
		{FEF427AF-0876-4796-957F-9C9C5759ACCF}.Release|Any CPU.Build.0 = Release|Any CPU
	EndGlobalSection
	GlobalSection(SolutionProperties) = preSolution
		HideSolutionNode = FALSE
	EndGlobalSection
	GlobalSection(ExtensibilityGlobals) = postSolution
		SolutionGuid = {03F10207-528D-4477-8296-03809423B65B}
	EndGlobalSection
EndGlobal
